{
    "version": 3,
    "terraform_version": "0.11.3",
    "serial": 3,
    "lineage": "39913ac7-2de0-4582-b9d6-4b0b64e5dd8d",
    "modules": [
        {
            "path": [
                "root"
            ],
            "outputs": {},
            "resources": {
                "azurerm_resource_group.myterraformgroup": {
                    "type": "azurerm_resource_group",
                    "depends_on": [],
                    "primary": {
                        "id": "/subscriptions/2f344cf2-758a-4cb3-a660-01507ba0aada/resourceGroups/myResourceGroup",
                        "attributes": {
                            "id": "/subscriptions/2f344cf2-758a-4cb3-a660-01507ba0aada/resourceGroups/myResourceGroup",
                            "location": "eastus",
                            "name": "myResourceGroup",
                            "tags.%": "1",
                            "tags.environment": "Terraform Demo"
                        },
                        "meta": {},
                        "tainted": false
                    },
                    "deposed": [],
                    "provider": "provider.azurerm"
                }
            },
            "depends_on": []
        }
    ]
}
